{
  "name": "Ecommerce-Website",
  "lockfileVersion": 2,
  "requires": true,
  "packages": {
    "": {
      "dependencies": {
        "react-toastify": "^7.0.4",
        "slugify": "^1.6.0"
      }
    },
    "node_modules/clsx": {
      "version": "1.1.1",
      "license": "MIT",
      "engines": {
        "node": ">=6"
      }
    },
    "node_modules/react-toastify": {
      "version": "7.0.4",
      "license": "MIT",
      "dependencies": {
        "clsx": "^1.1.1"
      },
      "peerDependencies": {
        "react": ">=16",
        "react-dom": ">=16"
      }
    },
    "node_modules/slugify": {
      "version": "1.6.0",
      "license": "MIT",
      "engines": {
        "node": ">=8.0.0"
      }
    }
  },
  "dependencies": {
    "clsx": {
      "version": "1.1.1"
    },
    "react-toastify": {
      "version": "7.0.4",
      "requires": {
        "clsx": "^1.1.1"
      }
    },
    "slugify": {
      "version": "1.6.0"
    }
  }
}
